version: 6
environments:
  default:
    channels:
    - url: https://conda.anaconda.org/conda-forge/
    packages:
      win-64:
      - conda: https://conda.anaconda.org/conda-forge/win-64/bzip2-1.0.8-h2466b09_7.conda
      - conda: https://conda.anaconda.org/conda-forge/win-64/c-compiler-1.8.0-hcfcfb64_1.conda
      - conda: https://conda.anaconda.org/conda-forge/win-64/ca-certificates-2024.12.14-h56e8100_0.conda
      - conda: https://conda.anaconda.org/conda-forge/win-64/intel-openmp-2024.2.1-h57928b3_1083.conda
      - conda: https://conda.anaconda.org/conda-forge/win-64/libblas-3.9.0-26_win64_mkl.conda
      - conda: https://conda.anaconda.org/conda-forge/win-64/libcblas-3.9.0-26_win64_mkl.conda
      - conda: https://conda.anaconda.org/conda-forge/win-64/libexpat-2.6.4-he0c23c2_0.conda
      - conda: https://conda.anaconda.org/conda-forge/win-64/libffi-3.4.2-h8ffe710_5.tar.bz2
      - conda: https://conda.anaconda.org/conda-forge/win-64/libhwloc-2.11.2-default_ha69328c_1001.conda
      - conda: https://conda.anaconda.org/conda-forge/win-64/libiconv-1.17-hcfcfb64_2.conda
      - conda: https://conda.anaconda.org/conda-forge/win-64/liblapack-3.9.0-26_win64_mkl.conda
      - conda: https://conda.anaconda.org/conda-forge/win-64/liblzma-5.6.3-h2466b09_1.conda
      - conda: https://conda.anaconda.org/conda-forge/win-64/libsqlite-3.47.2-h67fdade_0.conda
      - conda: https://conda.anaconda.org/conda-forge/win-64/libwinpthread-12.0.0.r4.gg4f2fc60ca-h57928b3_8.conda
      - conda: https://conda.anaconda.org/conda-forge/win-64/libxml2-2.13.5-he286e8c_1.conda
      - conda: https://conda.anaconda.org/conda-forge/win-64/libzlib-1.3.1-h2466b09_2.conda
      - conda: https://conda.anaconda.org/conda-forge/win-64/mkl-2024.2.2-h66d3029_15.conda
      - conda: https://conda.anaconda.org/conda-forge/win-64/nuitka-2.5.9-py312he70551f_0.conda
      - conda: https://conda.anaconda.org/conda-forge/win-64/numpy-2.2.1-py312hf10105a_0.conda
      - conda: https://conda.anaconda.org/conda-forge/win-64/openssl-3.4.0-h2466b09_0.conda
      - conda: https://conda.anaconda.org/conda-forge/noarch/ordered-set-4.1.0-pyhd8ed1ab_1.conda
      - conda: https://conda.anaconda.org/conda-forge/win-64/pandas-2.2.3-py312h72972c8_1.conda
      - conda: https://conda.anaconda.org/conda-forge/win-64/python-3.12.8-h3f84c4b_1_cpython.conda
      - conda: https://conda.anaconda.org/conda-forge/noarch/python-dateutil-2.9.0.post0-pyhff2d567_1.conda
      - conda: https://conda.anaconda.org/conda-forge/noarch/python-tzdata-2024.2-pyhd8ed1ab_1.conda
      - conda: https://conda.anaconda.org/conda-forge/win-64/python_abi-3.12-5_cp312.conda
      - conda: https://conda.anaconda.org/conda-forge/noarch/pytz-2024.1-pyhd8ed1ab_0.conda
      - conda: https://conda.anaconda.org/conda-forge/noarch/six-1.17.0-pyhd8ed1ab_0.conda
      - conda: https://conda.anaconda.org/conda-forge/win-64/tbb-2021.13.0-h62715c5_1.conda
      - conda: https://conda.anaconda.org/conda-forge/win-64/tk-8.6.13-h5226925_1.conda
      - conda: https://conda.anaconda.org/conda-forge/noarch/tzdata-2024b-hc8b5060_0.conda
      - conda: https://conda.anaconda.org/conda-forge/win-64/ucrt-10.0.22621.0-h57928b3_1.conda
      - conda: https://conda.anaconda.org/conda-forge/win-64/vc-14.3-ha32ba9b_23.conda
      - conda: https://conda.anaconda.org/conda-forge/win-64/vc14_runtime-14.42.34433-he29a5d6_23.conda
      - conda: https://conda.anaconda.org/conda-forge/win-64/vs2015_runtime-14.42.34433-hdffcdeb_23.conda
      - conda: https://conda.anaconda.org/conda-forge/win-64/vs2019_win-64-19.29.30139-he1865b1_23.conda
      - conda: https://conda.anaconda.org/conda-forge/win-64/vswhere-3.1.7-h57928b3_0.conda
packages:
- conda: https://conda.anaconda.org/conda-forge/win-64/bzip2-1.0.8-h2466b09_7.conda
  sha256: 35a5dad92e88fdd7fc405e864ec239486f4f31eec229e31686e61a140a8e573b
  md5: 276e7ffe9ffe39688abc665ef0f45596
  depends:
  - ucrt >=10.0.20348.0
  - vc >=14.2,<15
  - vc14_runtime >=14.29.30139
  license: bzip2-1.0.6
  license_family: BSD
  size: 54927
  timestamp: 1720974860185
- conda: https://conda.anaconda.org/conda-forge/win-64/c-compiler-1.8.0-hcfcfb64_1.conda
  sha256: 3fc7b2ceb03cc024e5f91f70fb576da71ff9cec787f3c481f3372d311ecc04f3
  md5: 33c106164044a19c4e8d13277ae97c3f
  depends:
  - vs2019_win-64
  arch: x86_64
  platform: win
  license: BSD-3-Clause
  license_family: BSD
  size: 6513
  timestamp: 1728985389589
- conda: https://conda.anaconda.org/conda-forge/win-64/ca-certificates-2024.12.14-h56e8100_0.conda
  sha256: 424d82db36cd26234bc4772426170efd60e888c2aed0099a257a95e131683a5e
  md5: cb2eaeb88549ddb27af533eccf9a45c1
  license: ISC
  size: 157422
  timestamp: 1734208404685
- conda: https://conda.anaconda.org/conda-forge/win-64/intel-openmp-2024.2.1-h57928b3_1083.conda
  sha256: 0fd2b0b84c854029041b0ede8f4c2369242ee92acc0092f8407b1fe9238a8209
  md5: 2d89243bfb53652c182a7c73182cce4f
  license: LicenseRef-IntelSimplifiedSoftwareOct2022
  license_family: Proprietary
  size: 1852356
  timestamp: 1723739573141
- conda: https://conda.anaconda.org/conda-forge/win-64/libblas-3.9.0-26_win64_mkl.conda
  build_number: 26
  sha256: d631993a5cf5b8d3201f881084fce7ff6a26cd49883e189bf582cd0b7975c80a
  md5: ecfe732dbad1be001826fdb7e5e891b5
  depends:
  - mkl 2024.2.2 h66d3029_15
  constrains:
  - liblapacke 3.9.0 26_win64_mkl
  - liblapack 3.9.0 26_win64_mkl
  - blas * mkl
  - libcblas 3.9.0 26_win64_mkl
  license: BSD-3-Clause
  license_family: BSD
  size: 3733122
  timestamp: 1734432745507
- conda: https://conda.anaconda.org/conda-forge/win-64/libcblas-3.9.0-26_win64_mkl.conda
  build_number: 26
  sha256: 66699c4f84fd36b67a34a7ac59fb86e73ee0c5b3c3502441041c8dd51f0a7d49
  md5: 652f3adcb9d329050a325416edb14246
  depends:
  - libblas 3.9.0 26_win64_mkl
  constrains:
  - liblapacke 3.9.0 26_win64_mkl
  - liblapack 3.9.0 26_win64_mkl
  - blas * mkl
  license: BSD-3-Clause
  license_family: BSD
  size: 3732146
  timestamp: 1734432785653
- conda: https://conda.anaconda.org/conda-forge/win-64/libexpat-2.6.4-he0c23c2_0.conda
  sha256: 0c0447bf20d1013d5603499de93a16b6faa92d7ead870d96305c0f065b6a5a12
  md5: eb383771c680aa792feb529eaf9df82f
  depends:
  - ucrt >=10.0.20348.0
  - vc >=14.2,<15
  - vc14_runtime >=14.29.30139
  constrains:
  - expat 2.6.4.*
  license: MIT
  license_family: MIT
  size: 139068
  timestamp: 1730967442102
- conda: https://conda.anaconda.org/conda-forge/win-64/libffi-3.4.2-h8ffe710_5.tar.bz2
  sha256: 1951ab740f80660e9bc07d2ed3aefb874d78c107264fd810f24a1a6211d4b1a5
  md5: 2c96d1b6915b408893f9472569dee135
  depends:
  - vc >=14.1,<15.0a0
  - vs2015_runtime >=14.16.27012
  license: MIT
  license_family: MIT
  size: 42063
  timestamp: 1636489106777
- conda: https://conda.anaconda.org/conda-forge/win-64/libhwloc-2.11.2-default_ha69328c_1001.conda
  sha256: 850e255997f538d5fb6ed651321141155a33bb781d43d326fc4ff62114dd2842
  md5: b87a0ac5ab6495d8225db5dc72dd21cd
  depends:
  - libwinpthread >=12.0.0.r4.gg4f2fc60ca
  - libxml2 >=2.13.4,<3.0a0
  - ucrt >=10.0.20348.0
  - vc >=14.2,<15
  - vc14_runtime >=14.29.30139
  license: BSD-3-Clause
  license_family: BSD
  size: 2390021
  timestamp: 1731375651179
- conda: https://conda.anaconda.org/conda-forge/win-64/libiconv-1.17-hcfcfb64_2.conda
  sha256: 5f844dd19b046d43174ad80c6ea75b5d504020e3b63cfbc4ace97b8730d35c7b
  md5: e1eb10b1cca179f2baa3601e4efc8712
  depends:
  - ucrt >=10.0.20348.0
  - vc >=14.2,<15
  - vc14_runtime >=14.29.30139
  license: LGPL-2.1-only
  size: 636146
  timestamp: 1702682547199
- conda: https://conda.anaconda.org/conda-forge/win-64/liblapack-3.9.0-26_win64_mkl.conda
  build_number: 26
  sha256: 6701bd162d105531b75d05acf82b4ad9fbc5a24ffbccf8c66efa9e72c386b33c
  md5: 0a717f5fda7279b77bcce671b324408a
  depends:
  - libblas 3.9.0 26_win64_mkl
  constrains:
  - liblapacke 3.9.0 26_win64_mkl
  - blas * mkl
  - libcblas 3.9.0 26_win64_mkl
  license: BSD-3-Clause
  license_family: BSD
  size: 3732160
  timestamp: 1734432822278
- conda: https://conda.anaconda.org/conda-forge/win-64/liblzma-5.6.3-h2466b09_1.conda
  sha256: 24d04bd55adfa44c421c99ce169df38cb1ad2bba5f43151bc847fc802496a1fa
  md5: 015b9c0bd1eef60729ab577a38aaf0b5
  depends:
  - ucrt >=10.0.20348.0
  - vc >=14.2,<15
  - vc14_runtime >=14.29.30139
  license: 0BSD
  size: 104332
  timestamp: 1733407872569
- conda: https://conda.anaconda.org/conda-forge/win-64/libsqlite-3.47.2-h67fdade_0.conda
  sha256: ecfc0182c3b2e63c870581be1fa0e4dbdfec70d2011cb4f5bde416ece26c41df
  md5: ff00095330e0d35a16bd3bdbd1a2d3e7
  depends:
  - ucrt >=10.0.20348.0
  - vc >=14.2,<15
  - vc14_runtime >=14.29.30139
  license: Unlicense
  size: 891292
  timestamp: 1733762116902
- conda: https://conda.anaconda.org/conda-forge/win-64/libwinpthread-12.0.0.r4.gg4f2fc60ca-h57928b3_8.conda
  sha256: 6d5e158813ab8d553fbb0fedd0abe7bf92970b0be3a9ddf12da0f6cbad78f506
  md5: 03cccbba200ee0523bde1f3dad60b1f3
  depends:
  - ucrt
  constrains:
  - pthreads-win32 <0.0a0
  - msys2-conda-epoch <0.0a0
  license: MIT AND BSD-3-Clause-Clear
  size: 35433
  timestamp: 1724681489463
- conda: https://conda.anaconda.org/conda-forge/win-64/libxml2-2.13.5-he286e8c_1.conda
  sha256: 084dd4dde342f13c43ee418d153ac5b2610f95be029073a15fa9dda22b130d06
  md5: 77eaa84f90fc90643c5a0be0aa9bdd1b
  depends:
  - libiconv >=1.17,<2.0a0
  - libzlib >=1.3.1,<2.0a0
  - ucrt >=10.0.20348.0
  - vc >=14.2,<15
  - vc14_runtime >=14.29.30139
  license: MIT
  license_family: MIT
  size: 1612294
  timestamp: 1733443909984
- conda: https://conda.anaconda.org/conda-forge/win-64/libzlib-1.3.1-h2466b09_2.conda
  sha256: ba945c6493449bed0e6e29883c4943817f7c79cbff52b83360f7b341277c6402
  md5: 41fbfac52c601159df6c01f875de31b9
  depends:
  - ucrt >=10.0.20348.0
  - vc >=14.2,<15
  - vc14_runtime >=14.29.30139
  constrains:
  - zlib 1.3.1 *_2
  license: Zlib
  license_family: Other
  size: 55476
  timestamp: 1727963768015
- conda: https://conda.anaconda.org/conda-forge/win-64/mkl-2024.2.2-h66d3029_15.conda
  sha256: 20e52b0389586d0b914a49cd286c5ccc9c47949bed60ca6df004d1d295f2edbd
  md5: 302dff2807f2927b3e9e0d19d60121de
  depends:
  - intel-openmp 2024.*
  - tbb 2021.*
  license: LicenseRef-IntelSimplifiedSoftwareOct2022
  license_family: Proprietary
  size: 103106385
  timestamp: 1730232843711
- conda: https://conda.anaconda.org/conda-forge/win-64/nuitka-2.5.9-py312he70551f_0.conda
  sha256: 73f6e47a98b3eaeec010404a1b4aa6d08bea43a9782686dc6bfb611450686ff8
  md5: 33c5bc96cdd828f2caf7b21f737536cd
  depends:
  - c-compiler
  - ordered-set
  - python >=3.12,<3.13.0a0
  - python_abi 3.12.* *_cp312
  arch: x86_64
  platform: win
  license: Apache-2.0
  license_family: Apache
  size: 4315928
  timestamp: 1735547200368
- conda: https://conda.anaconda.org/conda-forge/win-64/numpy-2.2.1-py312hf10105a_0.conda
  sha256: 8521244e8c0fbb8de3f51e3d05a4b362fe9916e4026dfefa43de8078dd4f96de
  md5: 08604cef1d4876e334e2868ae13db86d
  depends:
  - libblas >=3.9.0,<4.0a0
  - libcblas >=3.9.0,<4.0a0
  - liblapack >=3.9.0,<4.0a0
  - python >=3.12,<3.13.0a0
  - python_abi 3.12.* *_cp312
  - ucrt >=10.0.20348.0
  - vc >=14.2,<15
  - vc14_runtime >=14.29.30139
  constrains:
  - numpy-base <0a0
  license: BSD-3-Clause
  size: 7150899
  timestamp: 1734905149762
- conda: https://conda.anaconda.org/conda-forge/win-64/openssl-3.4.0-h2466b09_0.conda
  sha256: e03045a0837e01ff5c75e9273a572553e7522290799807f918c917a9826a6484
  md5: d0d805d9b5524a14efb51b3bff965e83
  depends:
  - ca-certificates
  - ucrt >=10.0.20348.0
  - vc >=14.2,<15
  - vc14_runtime >=14.29.30139
  license: Apache-2.0
  license_family: Apache
  size: 8491156
  timestamp: 1731379715927
- conda: https://conda.anaconda.org/conda-forge/noarch/ordered-set-4.1.0-pyhd8ed1ab_1.conda
  sha256: 5c0afaab3e9746753b34b676b5c639ae323075427068366f7cae5bd7931df67b
  md5: a130daf1699f927040956d3378baf0f2
  depends:
  - python >=3.9
  license: MIT
  license_family: MIT
  size: 13912
  timestamp: 1733928005043
- conda: https://conda.anaconda.org/conda-forge/win-64/pandas-2.2.3-py312h72972c8_1.conda
  sha256: dfd30e665b1ced1b783ca303799e250d8acc40943bcefb3a9b2bb13c3b17911c
  md5: bf6f01c03e0688523d4b5cff8fe8c977
  depends:
  - numpy >=1.19,<3
  - numpy >=1.22.4
  - python >=3.12,<3.13.0a0
  - python-dateutil >=2.8.1
  - python-tzdata >=2022a
  - python_abi 3.12.* *_cp312
  - pytz >=2020.1,<2024.2
  - ucrt >=10.0.20348.0
  - vc >=14.2,<15
  - vc14_runtime >=14.29.30139
  license: BSD-3-Clause
  license_family: BSD
  size: 14218658
  timestamp: 1726879426348
- conda: https://conda.anaconda.org/conda-forge/win-64/python-3.12.8-h3f84c4b_1_cpython.conda
  build_number: 1
  sha256: e1b37a398b3e2ea363de7cff6706e5ec2a5eb36b211132150e8601d7afd8f3aa
  md5: 8cd0693344796fb32087185fca16f4cc
  depends:
  - bzip2 >=1.0.8,<2.0a0
  - libexpat >=2.6.4,<3.0a0
  - libffi >=3.4,<4.0a0
  - liblzma >=5.6.3,<6.0a0
  - libsqlite >=3.47.0,<4.0a0
  - libzlib >=1.3.1,<2.0a0
  - openssl >=3.4.0,<4.0a0
  - tk >=8.6.13,<8.7.0a0
  - tzdata
  - ucrt >=10.0.20348.0
  - vc >=14.2,<15
  - vc14_runtime >=14.29.30139
  constrains:
  - python_abi 3.12.* *_cp312
  license: Python-2.0
  size: 15812363
  timestamp: 1733408080064
- conda: https://conda.anaconda.org/conda-forge/noarch/python-dateutil-2.9.0.post0-pyhff2d567_1.conda
  sha256: a50052536f1ef8516ed11a844f9413661829aa083304dc624c5925298d078d79
  md5: 5ba79d7c71f03c678c8ead841f347d6e
  depends:
  - python >=3.9
  - six >=1.5
  license: Apache-2.0
  license_family: APACHE
  size: 222505
  timestamp: 1733215763718
- conda: https://conda.anaconda.org/conda-forge/noarch/python-tzdata-2024.2-pyhd8ed1ab_1.conda
  sha256: 57c9a02ec25926fb48edca59b9ede107823e5d5c473b94a0e05cc0b9a193a642
  md5: c0def296b2f6d2dd7b030c2a7f66bb1f
  depends:
  - python >=3.9
  license: Apache-2.0
  license_family: APACHE
  size: 142235
  timestamp: 1733235414217
- conda: https://conda.anaconda.org/conda-forge/win-64/python_abi-3.12-5_cp312.conda
  build_number: 5
  sha256: 9486662af81a219e96d343449eff242f38d7c5128ced5ce5acf85857265058d6
  md5: e8681f534453af7afab4cd2bc1423eec
  constrains:
  - python 3.12.* *_cpython
  license: BSD-3-Clause
  license_family: BSD
  size: 6730
  timestamp: 1723823139725
- conda: https://conda.anaconda.org/conda-forge/noarch/pytz-2024.1-pyhd8ed1ab_0.conda
  sha256: 1a7d6b233f7e6e3bbcbad054c8fd51e690a67b129a899a056a5e45dd9f00cb41
  md5: 3eeeeb9e4827ace8c0c1419c85d590ad
  depends:
  - python >=3.7
  license: MIT
  license_family: MIT
  size: 188538
  timestamp: 1706886944988
- conda: https://conda.anaconda.org/conda-forge/noarch/six-1.17.0-pyhd8ed1ab_0.conda
  sha256: 41db0180680cc67c3fa76544ffd48d6a5679d96f4b71d7498a759e94edc9a2db
  md5: a451d576819089b0d672f18768be0f65
  depends:
  - python >=3.9
  license: MIT
  license_family: MIT
  size: 16385
  timestamp: 1733381032766
- conda: https://conda.anaconda.org/conda-forge/win-64/tbb-2021.13.0-h62715c5_1.conda
  sha256: 03cc5442046485b03dd1120d0f49d35a7e522930a2ab82f275e938e17b07b302
  md5: 9190dd0a23d925f7602f9628b3aed511
  depends:
  - libhwloc >=2.11.2,<2.11.3.0a0
  - ucrt >=10.0.20348.0
  - vc >=14.2,<15
  - vc14_runtime >=14.29.30139
  license: Apache-2.0
  license_family: APACHE
  size: 151460
  timestamp: 1732982860332
- conda: https://conda.anaconda.org/conda-forge/win-64/tk-8.6.13-h5226925_1.conda
  sha256: 2c4e914f521ccb2718946645108c9bd3fc3216ba69aea20c2c3cedbd8db32bb1
  md5: fc048363eb8f03cd1737600a5d08aafe
  depends:
  - ucrt >=10.0.20348.0
  - vc >=14.2,<15
  - vc14_runtime >=14.29.30139
  license: TCL
  license_family: BSD
  size: 3503410
  timestamp: 1699202577803
- conda: https://conda.anaconda.org/conda-forge/noarch/tzdata-2024b-hc8b5060_0.conda
  sha256: 4fde5c3008bf5d2db82f2b50204464314cc3c91c1d953652f7bd01d9e52aefdf
  md5: 8ac3367aafb1cc0a068483c580af8015
  license: LicenseRef-Public-Domain
  size: 122354
  timestamp: 1728047496079
- conda: https://conda.anaconda.org/conda-forge/win-64/ucrt-10.0.22621.0-h57928b3_1.conda
  sha256: db8dead3dd30fb1a032737554ce91e2819b43496a0db09927edf01c32b577450
  md5: 6797b005cd0f439c4c5c9ac565783700
  constrains:
  - vs2015_runtime >=14.29.30037
  license: LicenseRef-MicrosoftWindowsSDK10
  size: 559710
  timestamp: 1728377334097
- conda: https://conda.anaconda.org/conda-forge/win-64/vc-14.3-ha32ba9b_23.conda
  sha256: 986ddaf8feec2904eac9535a7ddb7acda1a1dfb9482088fdb8129f1595181663
  md5: 7c10ec3158d1eb4ddff7007c9101adb0
  depends:
  - vc14_runtime >=14.38.33135
  track_features:
  - vc14
  license: BSD-3-Clause
  license_family: BSD
  size: 17479
  timestamp: 1731710827215
- conda: https://conda.anaconda.org/conda-forge/win-64/vc14_runtime-14.42.34433-he29a5d6_23.conda
  sha256: c483b090c4251a260aba6ff3e83a307bcfb5fb24ad7ced872ab5d02971bd3a49
  md5: 32b37d0cfa80da34548501cdc913a832
  depends:
  - ucrt >=10.0.20348.0
  constrains:
  - vs2015_runtime 14.42.34433.* *_23
  license: LicenseRef-MicrosoftVisualCpp2015-2022Runtime
  license_family: Proprietary
  size: 754247
  timestamp: 1731710681163
- conda: https://conda.anaconda.org/conda-forge/win-64/vs2015_runtime-14.42.34433-hdffcdeb_23.conda
  sha256: 568ce8151eaae256f1cef752fc78651ad7a86ff05153cc7a4740b52ae6536118
  md5: 5c176975ca2b8366abad3c97b3cd1e83
  depends:
  - vc14_runtime >=14.42.34433
  license: BSD-3-Clause
  license_family: BSD
  size: 17572
  timestamp: 1731710685291
- conda: https://conda.anaconda.org/conda-forge/win-64/vs2019_win-64-19.29.30139-he1865b1_23.conda
  sha256: c41039f7f19a6570ad2af6ef7a8534111fe1e6157b187505fb81265d755bb825
  md5: 245e19dde23580d186b11a29bfd3b99e
  depends:
  - vswhere
  constrains:
  - vs_win-64 2019.11
  arch: x86_64
  platform: win
  track_features:
  - vc14
  license: BSD-3-Clause
  license_family: BSD
  size: 20163
  timestamp: 1731710669471
- conda: https://conda.anaconda.org/conda-forge/win-64/vswhere-3.1.7-h57928b3_0.conda
  sha256: 8caeda9c0898cb8ee2cf4f45640dbbbdf772ddc01345cfb0f7b352c58b4d8025
  md5: ba83df93b48acfc528f5464c9a882baa
  arch: x86_64
  platform: win
  license: MIT
  license_family: MIT
  size: 219013
  timestamp: 1719460515960
