version: 6
environments:
  default:
    channels:
    - url: https://conda.anaconda.org/conda-forge/
    packages:
      osx-arm64:
      - conda: https://conda.anaconda.org/conda-forge/osx-arm64/bzip2-1.0.8-h99b78c6_7.conda
      - conda: https://conda.anaconda.org/conda-forge/osx-arm64/c-compiler-1.8.0-hf48404e_1.conda
      - conda: https://conda.anaconda.org/conda-forge/osx-arm64/ca-certificates-2024.12.14-hf0a4a13_0.conda
      - conda: https://conda.anaconda.org/conda-forge/osx-arm64/cctools-1010.6-hf67d63f_2.conda
      - conda: https://conda.anaconda.org/conda-forge/osx-arm64/cctools_osx-arm64-1010.6-h623e0ac_2.conda
      - conda: https://conda.anaconda.org/conda-forge/osx-arm64/clang-17-17.0.6-default_h146c034_7.conda
      - conda: https://conda.anaconda.org/conda-forge/osx-arm64/clang-17.0.6-default_h360f5da_7.conda
      - conda: https://conda.anaconda.org/conda-forge/osx-arm64/clang_impl_osx-arm64-17.0.6-he47c785_23.conda
      - conda: https://conda.anaconda.org/conda-forge/osx-arm64/clang_osx-arm64-17.0.6-h07b0088_23.conda
      - conda: https://conda.anaconda.org/conda-forge/osx-arm64/clangxx-17.0.6-default_h360f5da_7.conda
      - conda: https://conda.anaconda.org/conda-forge/osx-arm64/compiler-rt-17.0.6-h856b3c1_2.conda
      - conda: https://conda.anaconda.org/conda-forge/noarch/compiler-rt_osx-arm64-17.0.6-h832e737_2.conda
      - conda: https://conda.anaconda.org/conda-forge/osx-arm64/icu-75.1-hfee45f7_0.conda
      - conda: https://conda.anaconda.org/conda-forge/osx-arm64/ld64-951.9-h39a299f_2.conda
      - conda: https://conda.anaconda.org/conda-forge/osx-arm64/ld64_osx-arm64-951.9-h3f9b568_2.conda
      - conda: https://conda.anaconda.org/conda-forge/osx-arm64/libblas-3.9.0-26_osxarm64_openblas.conda
      - conda: https://conda.anaconda.org/conda-forge/osx-arm64/libcblas-3.9.0-26_osxarm64_openblas.conda
      - conda: https://conda.anaconda.org/conda-forge/osx-arm64/libclang-cpp17-17.0.6-default_h146c034_7.conda
      - conda: https://conda.anaconda.org/conda-forge/osx-arm64/libcxx-19.1.6-ha82da77_1.conda
      - conda: https://conda.anaconda.org/conda-forge/osx-arm64/libcxx-devel-17.0.6-h86353a2_6.conda
      - conda: https://conda.anaconda.org/conda-forge/osx-arm64/libexpat-2.6.4-h286801f_0.conda
      - conda: https://conda.anaconda.org/conda-forge/osx-arm64/libffi-3.4.2-h3422bc3_5.tar.bz2
      - conda: https://conda.anaconda.org/conda-forge/osx-arm64/libgfortran-5.0.0-13_2_0_hd922786_3.conda
      - conda: https://conda.anaconda.org/conda-forge/osx-arm64/libgfortran5-13.2.0-hf226fd6_3.conda
      - conda: https://conda.anaconda.org/conda-forge/osx-arm64/libiconv-1.17-h0d3ecfb_2.conda
      - conda: https://conda.anaconda.org/conda-forge/osx-arm64/liblapack-3.9.0-26_osxarm64_openblas.conda
      - conda: https://conda.anaconda.org/conda-forge/osx-arm64/libllvm17-17.0.6-h5090b49_2.conda
      - conda: https://conda.anaconda.org/conda-forge/osx-arm64/liblzma-5.6.3-h39f12f2_1.conda
      - conda: https://conda.anaconda.org/conda-forge/osx-arm64/libopenblas-0.3.28-openmp_hf332438_1.conda
      - conda: https://conda.anaconda.org/conda-forge/osx-arm64/libpython-static-3.12.8-h286801f_1_cpython.conda
      - conda: https://conda.anaconda.org/conda-forge/osx-arm64/libsqlite-3.47.2-h3f77e49_0.conda
      - conda: https://conda.anaconda.org/conda-forge/osx-arm64/libxml2-2.13.5-h178c5d8_1.conda
      - conda: https://conda.anaconda.org/conda-forge/osx-arm64/libzlib-1.3.1-h8359307_2.conda
      - conda: https://conda.anaconda.org/conda-forge/osx-arm64/llvm-openmp-19.1.6-hdb05f8b_0.conda
      - conda: https://conda.anaconda.org/conda-forge/osx-arm64/llvm-tools-17.0.6-h5090b49_2.conda
      - conda: https://conda.anaconda.org/conda-forge/osx-arm64/ncurses-6.5-h7bae524_1.conda
      - conda: https://conda.anaconda.org/conda-forge/osx-arm64/nuitka-2.5.9-py312h8613628_0.conda
      - conda: https://conda.anaconda.org/conda-forge/osx-arm64/numpy-2.2.1-py312h41c6370_0.conda
      - conda: https://conda.anaconda.org/conda-forge/osx-arm64/openssl-3.4.0-h39f12f2_0.conda
      - conda: https://conda.anaconda.org/conda-forge/noarch/ordered-set-4.1.0-pyhd8ed1ab_1.conda
      - conda: https://conda.anaconda.org/conda-forge/osx-arm64/pandas-2.2.3-py312hcd31e36_1.conda
      - conda: https://conda.anaconda.org/conda-forge/osx-arm64/python-3.12.8-hc22306f_1_cpython.conda
      - conda: https://conda.anaconda.org/conda-forge/noarch/python-dateutil-2.9.0.post0-pyhff2d567_1.conda
      - conda: https://conda.anaconda.org/conda-forge/noarch/python-tzdata-2024.2-pyhd8ed1ab_1.conda
      - conda: https://conda.anaconda.org/conda-forge/osx-arm64/python_abi-3.12-5_cp312.conda
      - conda: https://conda.anaconda.org/conda-forge/noarch/pytz-2024.1-pyhd8ed1ab_0.conda
      - conda: https://conda.anaconda.org/conda-forge/osx-arm64/readline-8.2-h92ec313_1.conda
      - conda: https://conda.anaconda.org/conda-forge/osx-arm64/sigtool-0.1.3-h44b9a77_0.tar.bz2
      - conda: https://conda.anaconda.org/conda-forge/noarch/six-1.17.0-pyhd8ed1ab_0.conda
      - conda: https://conda.anaconda.org/conda-forge/osx-arm64/tapi-1300.6.5-h03f4b80_0.conda
      - conda: https://conda.anaconda.org/conda-forge/osx-arm64/tk-8.6.13-h5083fa2_1.conda
      - conda: https://conda.anaconda.org/conda-forge/noarch/tzdata-2024b-hc8b5060_0.conda
      - conda: https://conda.anaconda.org/conda-forge/osx-arm64/zstd-1.5.6-hb46c0d2_0.conda
      win-64:
      - conda: https://conda.anaconda.org/conda-forge/win-64/bzip2-1.0.8-h2466b09_7.conda
      - conda: https://conda.anaconda.org/conda-forge/win-64/c-compiler-1.8.0-hcfcfb64_1.conda
      - conda: https://conda.anaconda.org/conda-forge/win-64/ca-certificates-2024.12.14-h56e8100_0.conda
      - conda: https://conda.anaconda.org/conda-forge/win-64/intel-openmp-2024.2.1-h57928b3_1083.conda
      - conda: https://conda.anaconda.org/conda-forge/win-64/libblas-3.9.0-26_win64_mkl.conda
      - conda: https://conda.anaconda.org/conda-forge/win-64/libcblas-3.9.0-26_win64_mkl.conda
      - conda: https://conda.anaconda.org/conda-forge/win-64/libexpat-2.6.4-he0c23c2_0.conda
      - conda: https://conda.anaconda.org/conda-forge/win-64/libffi-3.4.2-h8ffe710_5.tar.bz2
      - conda: https://conda.anaconda.org/conda-forge/win-64/libhwloc-2.11.2-default_ha69328c_1001.conda
      - conda: https://conda.anaconda.org/conda-forge/win-64/libiconv-1.17-hcfcfb64_2.conda
      - conda: https://conda.anaconda.org/conda-forge/win-64/liblapack-3.9.0-26_win64_mkl.conda
      - conda: https://conda.anaconda.org/conda-forge/win-64/liblzma-5.6.3-h2466b09_1.conda
      - conda: https://conda.anaconda.org/conda-forge/win-64/libsqlite-3.47.2-h67fdade_0.conda
      - conda: https://conda.anaconda.org/conda-forge/win-64/libwinpthread-12.0.0.r4.gg4f2fc60ca-h57928b3_8.conda
      - conda: https://conda.anaconda.org/conda-forge/win-64/libxml2-2.13.5-he286e8c_1.conda
      - conda: https://conda.anaconda.org/conda-forge/win-64/libzlib-1.3.1-h2466b09_2.conda
      - conda: https://conda.anaconda.org/conda-forge/win-64/mkl-2024.2.2-h66d3029_15.conda
      - conda: https://conda.anaconda.org/conda-forge/win-64/nuitka-2.5.9-py312he70551f_0.conda
      - conda: https://conda.anaconda.org/conda-forge/win-64/numpy-2.2.1-py312hf10105a_0.conda
      - conda: https://conda.anaconda.org/conda-forge/win-64/openssl-3.4.0-h2466b09_0.conda
      - conda: https://conda.anaconda.org/conda-forge/noarch/ordered-set-4.1.0-pyhd8ed1ab_1.conda
      - conda: https://conda.anaconda.org/conda-forge/win-64/pandas-2.2.3-py312h72972c8_1.conda
      - conda: https://conda.anaconda.org/conda-forge/win-64/python-3.12.8-h3f84c4b_1_cpython.conda
      - conda: https://conda.anaconda.org/conda-forge/noarch/python-dateutil-2.9.0.post0-pyhff2d567_1.conda
      - conda: https://conda.anaconda.org/conda-forge/noarch/python-tzdata-2024.2-pyhd8ed1ab_1.conda
      - conda: https://conda.anaconda.org/conda-forge/win-64/python_abi-3.12-5_cp312.conda
      - conda: https://conda.anaconda.org/conda-forge/noarch/pytz-2024.1-pyhd8ed1ab_0.conda
      - conda: https://conda.anaconda.org/conda-forge/noarch/six-1.17.0-pyhd8ed1ab_0.conda
      - conda: https://conda.anaconda.org/conda-forge/win-64/tbb-2021.13.0-h62715c5_1.conda
      - conda: https://conda.anaconda.org/conda-forge/win-64/tk-8.6.13-h5226925_1.conda
      - conda: https://conda.anaconda.org/conda-forge/noarch/tzdata-2024b-hc8b5060_0.conda
      - conda: https://conda.anaconda.org/conda-forge/win-64/ucrt-10.0.22621.0-h57928b3_1.conda
      - conda: https://conda.anaconda.org/conda-forge/win-64/vc-14.3-ha32ba9b_23.conda
      - conda: https://conda.anaconda.org/conda-forge/win-64/vc14_runtime-14.42.34433-he29a5d6_23.conda
      - conda: https://conda.anaconda.org/conda-forge/win-64/vs2015_runtime-14.42.34433-hdffcdeb_23.conda
      - conda: https://conda.anaconda.org/conda-forge/win-64/vs2019_win-64-19.29.30139-he1865b1_23.conda
      - conda: https://conda.anaconda.org/conda-forge/win-64/vswhere-3.1.7-h57928b3_0.conda
packages:
- conda: https://conda.anaconda.org/conda-forge/osx-arm64/bzip2-1.0.8-h99b78c6_7.conda
  sha256: adfa71f158cbd872a36394c56c3568e6034aa55c623634b37a4836bd036e6b91
  md5: fc6948412dbbbe9a4c9ddbbcfe0a79ab
  depends:
  - __osx >=11.0
  arch: arm64
  platform: osx
  license: bzip2-1.0.6
  license_family: BSD
  size: 122909
  timestamp: 1720974522888
- conda: https://conda.anaconda.org/conda-forge/win-64/bzip2-1.0.8-h2466b09_7.conda
  sha256: 35a5dad92e88fdd7fc405e864ec239486f4f31eec229e31686e61a140a8e573b
  md5: 276e7ffe9ffe39688abc665ef0f45596
  depends:
  - ucrt >=10.0.20348.0
  - vc >=14.2,<15
  - vc14_runtime >=14.29.30139
  license: bzip2-1.0.6
  license_family: BSD
  size: 54927
  timestamp: 1720974860185
- conda: https://conda.anaconda.org/conda-forge/osx-arm64/c-compiler-1.8.0-hf48404e_1.conda
  sha256: 64245f90755c314f61d48b38fc7b82270b709f88204789895f7c4b2b84204992
  md5: 429476dcb80c4f9087cd8ac1fa2183d1
  depends:
  - cctools >=949.0.1
  - clang_osx-arm64 17.*
  - ld64 >=530
  - llvm-openmp
  arch: arm64
  platform: osx
  license: BSD-3-Clause
  license_family: BSD
  size: 6220
  timestamp: 1728985386241
- conda: https://conda.anaconda.org/conda-forge/win-64/c-compiler-1.8.0-hcfcfb64_1.conda
  sha256: 3fc7b2ceb03cc024e5f91f70fb576da71ff9cec787f3c481f3372d311ecc04f3
  md5: 33c106164044a19c4e8d13277ae97c3f
  depends:
  - vs2019_win-64
  license: BSD-3-Clause
  license_family: BSD
  size: 6513
  timestamp: 1728985389589
- conda: https://conda.anaconda.org/conda-forge/osx-arm64/ca-certificates-2024.12.14-hf0a4a13_0.conda
  sha256: 256be633fd0882ccc1a7a32bc278547e1703f85082c0789a87a603ee3ab8fb82
  md5: 7cb381a6783d91902638e4ed1ebd478e
  arch: arm64
  platform: osx
  license: ISC
  size: 157091
  timestamp: 1734208344343
- conda: https://conda.anaconda.org/conda-forge/win-64/ca-certificates-2024.12.14-h56e8100_0.conda
  sha256: 424d82db36cd26234bc4772426170efd60e888c2aed0099a257a95e131683a5e
  md5: cb2eaeb88549ddb27af533eccf9a45c1
  license: ISC
  size: 157422
  timestamp: 1734208404685
- conda: https://conda.anaconda.org/conda-forge/osx-arm64/cctools-1010.6-hf67d63f_2.conda
  sha256: 5cd748e93968df7a3575f5cd051fb387ca0b1753537374e8c9270d44315186d2
  md5: 409225e7241a0099a81ce5fc0f3576d8
  depends:
  - cctools_osx-arm64 1010.6 h623e0ac_2
  - ld64 951.9 h39a299f_2
  - libllvm17 >=17.0.6,<17.1.0a0
  arch: arm64
  platform: osx
  license: APSL-2.0
  license_family: Other
  size: 21118
  timestamp: 1732552617055
- conda: https://conda.anaconda.org/conda-forge/osx-arm64/cctools_osx-arm64-1010.6-h623e0ac_2.conda
  sha256: 1293ba9599964813cd5b7de3ef5b2a34f8c728f04f030add1d2daaa770563651
  md5: c667893c4bda0bd15dea9ae36e943c94
  depends:
  - __osx >=11.0
  - ld64_osx-arm64 >=951.9,<951.10.0a0
  - libcxx
  - libllvm17 >=17.0.6,<17.1.0a0
  - libzlib >=1.3.1,<2.0a0
  - llvm-tools 17.0.*
  - sigtool
  constrains:
  - cctools 1010.6.*
  - ld64 951.9.*
  - clang 17.0.*
  arch: arm64
  platform: osx
  license: APSL-2.0
  license_family: Other
  size: 1101877
  timestamp: 1732552573870
- conda: https://conda.anaconda.org/conda-forge/osx-arm64/clang-17.0.6-default_h360f5da_7.conda
  sha256: 3caeb933e74561c834074ef1617aa721c10e6b08c1fed9d5180c82a9ba18b5f2
  md5: c98bdbd4985530fac68ea4831d053ba1
  depends:
  - clang-17 17.0.6 default_h146c034_7
  arch: arm64
  platform: osx
  license: Apache-2.0 WITH LLVM-exception
  license_family: Apache
  size: 24105
  timestamp: 1725505775351
- conda: https://conda.anaconda.org/conda-forge/osx-arm64/clang-17-17.0.6-default_h146c034_7.conda
  sha256: f9e40e5402ab78543553e7bc0437dfeed42d43f486395b66dd55ea0fd819b789
  md5: 585064b6856cb3e719343e3362ea828b
  depends:
  - __osx >=11.0
  - libclang-cpp17 17.0.6 default_h146c034_7
  - libcxx >=17.0.6
  - libllvm17 >=17.0.6,<17.1.0a0
  constrains:
  - clangxx 17.0.6
  - clang-tools 17.0.6
  - clangdev 17.0.6
  - llvm-tools 17.0.6
  arch: arm64
  platform: osx
  license: Apache-2.0 WITH LLVM-exception
  license_family: Apache
  size: 715930
  timestamp: 1725505694198
- conda: https://conda.anaconda.org/conda-forge/osx-arm64/clang_impl_osx-arm64-17.0.6-he47c785_23.conda
  sha256: 7a5999645f66f12f8ff9f07ead73d3552f79fff09675487ec1f4f087569587e1
  md5: 519e4d9eb59dd0a1484e509dcc789217
  depends:
  - cctools_osx-arm64
  - clang 17.0.6.*
  - compiler-rt 17.0.6.*
  - ld64_osx-arm64
  - llvm-tools 17.0.6.*
  arch: arm64
  platform: osx
  license: BSD-3-Clause
  license_family: BSD
  size: 17965
  timestamp: 1731984992637
- conda: https://conda.anaconda.org/conda-forge/osx-arm64/clang_osx-arm64-17.0.6-h07b0088_23.conda
  sha256: ccafb62b45d71f646f0ca925fc7342d093fe5ea17ceeb15b84f1c277fc716295
  md5: cf5bbfc8b558c41d2a4ba17f5cabb48c
  depends:
  - clang_impl_osx-arm64 17.0.6 he47c785_23
  arch: arm64
  platform: osx
  license: BSD-3-Clause
  license_family: BSD
  size: 21177
  timestamp: 1731984996665
- conda: https://conda.anaconda.org/conda-forge/osx-arm64/clangxx-17.0.6-default_h360f5da_7.conda
  sha256: 73a87fe4a31494cdc5d74aacf9d08f560e4468795547f06290ee6a7bb128f61c
  md5: 0bb5cea65ab3457812707537603a3619
  depends:
  - clang 17.0.6 default_h360f5da_7
  - libcxx-devel 17.0.6.*
  arch: arm64
  platform: osx
  license: Apache-2.0 WITH LLVM-exception
  license_family: Apache
  size: 24168
  timestamp: 1725505786435
- conda: https://conda.anaconda.org/conda-forge/osx-arm64/compiler-rt-17.0.6-h856b3c1_2.conda
  sha256: 91f4a6b80b7802432146a399944c20410e058dfb57ca6d738c0affb79cbdebbb
  md5: 2d00ff8e98c163de45a7c85774094012
  depends:
  - __osx >=11.0
  - clang 17.0.6.*
  - clangxx 17.0.6.*
  - compiler-rt_osx-arm64 17.0.6.*
  arch: arm64
  platform: osx
  license: Apache-2.0 WITH LLVM-exception
  license_family: APACHE
  size: 94878
  timestamp: 1725251190741
- conda: https://conda.anaconda.org/conda-forge/noarch/compiler-rt_osx-arm64-17.0.6-h832e737_2.conda
  sha256: 74d63f7f91a9482262d80490fafd39275121f4cb273f293e7d9fe91934837666
  md5: 58fd1fa30d8b0795f33a7e79893b11cc
  depends:
  - clang 17.0.6.*
  - clangxx 17.0.6.*
  constrains:
  - compiler-rt 17.0.6
  license: Apache-2.0 WITH LLVM-exception
  license_family: APACHE
  size: 10369238
  timestamp: 1725251155195
- conda: https://conda.anaconda.org/conda-forge/osx-arm64/icu-75.1-hfee45f7_0.conda
  sha256: 9ba12c93406f3df5ab0a43db8a4b4ef67a5871dfd401010fbe29b218b2cbe620
  md5: 5eb22c1d7b3fc4abb50d92d621583137
  depends:
  - __osx >=11.0
  arch: arm64
  platform: osx
  license: MIT
  license_family: MIT
  size: 11857802
  timestamp: 1720853997952
- conda: https://conda.anaconda.org/conda-forge/win-64/intel-openmp-2024.2.1-h57928b3_1083.conda
  sha256: 0fd2b0b84c854029041b0ede8f4c2369242ee92acc0092f8407b1fe9238a8209
  md5: 2d89243bfb53652c182a7c73182cce4f
  license: LicenseRef-IntelSimplifiedSoftwareOct2022
  license_family: Proprietary
  size: 1852356
  timestamp: 1723739573141
- conda: https://conda.anaconda.org/conda-forge/osx-arm64/ld64-951.9-h39a299f_2.conda
  sha256: 041d712eadca1911fac7112171db5c5c2e478c75b65ae4663005c49b77c65a45
  md5: caf11d8b84c7dd198309056dbd457b86
  depends:
  - ld64_osx-arm64 951.9 h3f9b568_2
  - libllvm17 >=17.0.6,<17.1.0a0
  constrains:
  - cctools 1010.6.*
  - cctools_osx-arm64 1010.6.*
  arch: arm64
  platform: osx
  license: APSL-2.0
  license_family: Other
  size: 18503
  timestamp: 1732552594547
- conda: https://conda.anaconda.org/conda-forge/osx-arm64/ld64_osx-arm64-951.9-h3f9b568_2.conda
  sha256: c67453a58870ce19b6acaa1d0db2c49848b7584c062d969f5d06c82ebd1454ef
  md5: 68841f5b5956607ea9760cafa14271c5
  depends:
  - __osx >=11.0
  - libcxx
  - libllvm17 >=17.0.6,<17.1.0a0
  - sigtool
  - tapi >=1300.6.5,<1301.0a0
  constrains:
  - cctools 1010.6.*
  - cctools_osx-arm64 1010.6.*
  - clang >=17.0.6,<18.0a0
  - ld 951.9.*
  arch: arm64
  platform: osx
  license: APSL-2.0
  license_family: Other
  size: 1017788
  timestamp: 1732552505749
- conda: https://conda.anaconda.org/conda-forge/osx-arm64/libblas-3.9.0-26_osxarm64_openblas.conda
  build_number: 26
  sha256: 597f9c3779caa979c8c6abbb3ba8c7191b84e1a910d6b0d10e5faf35284c450c
  md5: 21be102c9ae80a67ba7de23b129aa7f6
  depends:
  - libopenblas >=0.3.28,<0.3.29.0a0
  - libopenblas >=0.3.28,<1.0a0
  constrains:
  - liblapack 3.9.0 26_osxarm64_openblas
  - liblapacke 3.9.0 26_osxarm64_openblas
  - libcblas 3.9.0 26_osxarm64_openblas
  - blas * openblas
  arch: arm64
  platform: osx
  license: BSD-3-Clause
  license_family: BSD
  size: 16714
  timestamp: 1734433054681
- conda: https://conda.anaconda.org/conda-forge/win-64/libblas-3.9.0-26_win64_mkl.conda
  build_number: 26
  sha256: d631993a5cf5b8d3201f881084fce7ff6a26cd49883e189bf582cd0b7975c80a
  md5: ecfe732dbad1be001826fdb7e5e891b5
  depends:
  - mkl 2024.2.2 h66d3029_15
  constrains:
  - liblapacke 3.9.0 26_win64_mkl
  - liblapack 3.9.0 26_win64_mkl
  - blas * mkl
  - libcblas 3.9.0 26_win64_mkl
  license: BSD-3-Clause
  license_family: BSD
  size: 3733122
  timestamp: 1734432745507
- conda: https://conda.anaconda.org/conda-forge/osx-arm64/libcblas-3.9.0-26_osxarm64_openblas.conda
  build_number: 26
  sha256: 27a29ef6b2fd2179bc3a0bb9db351f078ba140ca10485dca147c399639f84c93
  md5: a0e9980fe12d42f6d0c0ec009f67e948
  depends:
  - libblas 3.9.0 26_osxarm64_openblas
  constrains:
  - liblapack 3.9.0 26_osxarm64_openblas
  - liblapacke 3.9.0 26_osxarm64_openblas
  - blas * openblas
  arch: arm64
  platform: osx
  license: BSD-3-Clause
  license_family: BSD
  size: 16628
  timestamp: 1734433061517
- conda: https://conda.anaconda.org/conda-forge/win-64/libcblas-3.9.0-26_win64_mkl.conda
  build_number: 26
  sha256: 66699c4f84fd36b67a34a7ac59fb86e73ee0c5b3c3502441041c8dd51f0a7d49
  md5: 652f3adcb9d329050a325416edb14246
  depends:
  - libblas 3.9.0 26_win64_mkl
  constrains:
  - liblapacke 3.9.0 26_win64_mkl
  - liblapack 3.9.0 26_win64_mkl
  - blas * mkl
  license: BSD-3-Clause
  license_family: BSD
  size: 3732146
  timestamp: 1734432785653
- conda: https://conda.anaconda.org/conda-forge/osx-arm64/libclang-cpp17-17.0.6-default_h146c034_7.conda
  sha256: 2e338629ae19faae0d1a85543b8c84441ead61957cf69a65c0031d5b18ebac08
  md5: bc6797a6a66ec6f919cc8d4d9285b11c
  depends:
  - __osx >=11.0
  - libcxx >=17.0.6
  - libllvm17 >=17.0.6,<17.1.0a0
  arch: arm64
  platform: osx
  license: Apache-2.0 WITH LLVM-exception
  license_family: Apache
  size: 12408943
  timestamp: 1725505311206
- conda: https://conda.anaconda.org/conda-forge/osx-arm64/libcxx-19.1.6-ha82da77_1.conda
  sha256: 2b2443404503cd862385fd2f2a2c73f9624686fd1e5a45050b4034cfc06904ec
  md5: ce5252d8db110cdb4ae4173d0a63c7c5
  depends:
  - __osx >=11.0
  arch: arm64
  platform: osx
  license: Apache-2.0 WITH LLVM-exception
  license_family: Apache
  size: 520992
  timestamp: 1734494699681
- conda: https://conda.anaconda.org/conda-forge/osx-arm64/libcxx-devel-17.0.6-h86353a2_6.conda
  sha256: 914cc589f356dfc64ddc4f0dc305fce401356b688730b62e24b4f52358595a58
  md5: 555639d6c7a4c6838cec6e50453fea43
  depends:
  - libcxx >=17.0.6
  arch: arm64
  platform: osx
  license: Apache-2.0 WITH LLVM-exception
  license_family: Apache
  size: 820887
  timestamp: 1725403726157
- conda: https://conda.anaconda.org/conda-forge/osx-arm64/libexpat-2.6.4-h286801f_0.conda
  sha256: e42ab5ace927ee7c84e3f0f7d813671e1cf3529f5f06ee5899606630498c2745
  md5: 38d2656dd914feb0cab8c629370768bf
  depends:
  - __osx >=11.0
  constrains:
  - expat 2.6.4.*
  arch: arm64
  platform: osx
  license: MIT
  license_family: MIT
  size: 64693
  timestamp: 1730967175868
- conda: https://conda.anaconda.org/conda-forge/win-64/libexpat-2.6.4-he0c23c2_0.conda
  sha256: 0c0447bf20d1013d5603499de93a16b6faa92d7ead870d96305c0f065b6a5a12
  md5: eb383771c680aa792feb529eaf9df82f
  depends:
  - ucrt >=10.0.20348.0
  - vc >=14.2,<15
  - vc14_runtime >=14.29.30139
  constrains:
  - expat 2.6.4.*
  license: MIT
  license_family: MIT
  size: 139068
  timestamp: 1730967442102
- conda: https://conda.anaconda.org/conda-forge/osx-arm64/libffi-3.4.2-h3422bc3_5.tar.bz2
  sha256: 41b3d13efb775e340e4dba549ab5c029611ea6918703096b2eaa9c015c0750ca
  md5: 086914b672be056eb70fd4285b6783b6
  arch: arm64
  platform: osx
  license: MIT
  license_family: MIT
  size: 39020
  timestamp: 1636488587153
- conda: https://conda.anaconda.org/conda-forge/win-64/libffi-3.4.2-h8ffe710_5.tar.bz2
  sha256: 1951ab740f80660e9bc07d2ed3aefb874d78c107264fd810f24a1a6211d4b1a5
  md5: 2c96d1b6915b408893f9472569dee135
  depends:
  - vc >=14.1,<15.0a0
  - vs2015_runtime >=14.16.27012
  license: MIT
  license_family: MIT
  size: 42063
  timestamp: 1636489106777
- conda: https://conda.anaconda.org/conda-forge/osx-arm64/libgfortran-5.0.0-13_2_0_hd922786_3.conda
  sha256: 44e541b4821c96b28b27fef5630883a60ce4fee91fd9c79f25a199f8f73f337b
  md5: 4a55d9e169114b2b90d3ec4604cd7bbf
  depends:
  - libgfortran5 13.2.0 hf226fd6_3
  arch: arm64
  platform: osx
  license: GPL-3.0-only WITH GCC-exception-3.1
  license_family: GPL
  size: 110233
  timestamp: 1707330749033
- conda: https://conda.anaconda.org/conda-forge/osx-arm64/libgfortran5-13.2.0-hf226fd6_3.conda
  sha256: bafc679eedb468a86aa4636061c55966186399ee0a04b605920d208d97ac579a
  md5: 66ac81d54e95c534ae488726c1f698ea
  depends:
  - llvm-openmp >=8.0.0
  constrains:
  - libgfortran 5.0.0 13_2_0_*_3
  arch: arm64
  platform: osx
  license: GPL-3.0-only WITH GCC-exception-3.1
  license_family: GPL
  size: 997381
  timestamp: 1707330687590
- conda: https://conda.anaconda.org/conda-forge/win-64/libhwloc-2.11.2-default_ha69328c_1001.conda
  sha256: 850e255997f538d5fb6ed651321141155a33bb781d43d326fc4ff62114dd2842
  md5: b87a0ac5ab6495d8225db5dc72dd21cd
  depends:
  - libwinpthread >=12.0.0.r4.gg4f2fc60ca
  - libxml2 >=2.13.4,<3.0a0
  - ucrt >=10.0.20348.0
  - vc >=14.2,<15
  - vc14_runtime >=14.29.30139
  license: BSD-3-Clause
  license_family: BSD
  size: 2390021
  timestamp: 1731375651179
- conda: https://conda.anaconda.org/conda-forge/osx-arm64/libiconv-1.17-h0d3ecfb_2.conda
  sha256: bc7de5097b97bcafcf7deaaed505f7ce02f648aac8eccc0d5a47cc599a1d0304
  md5: 69bda57310071cf6d2b86caf11573d2d
  arch: arm64
  platform: osx
  license: LGPL-2.1-only
  size: 676469
  timestamp: 1702682458114
- conda: https://conda.anaconda.org/conda-forge/win-64/libiconv-1.17-hcfcfb64_2.conda
  sha256: 5f844dd19b046d43174ad80c6ea75b5d504020e3b63cfbc4ace97b8730d35c7b
  md5: e1eb10b1cca179f2baa3601e4efc8712
  depends:
  - ucrt >=10.0.20348.0
  - vc >=14.2,<15
  - vc14_runtime >=14.29.30139
  license: LGPL-2.1-only
  size: 636146
  timestamp: 1702682547199
- conda: https://conda.anaconda.org/conda-forge/osx-arm64/liblapack-3.9.0-26_osxarm64_openblas.conda
  build_number: 26
  sha256: dd6d9a21e672aee4332f019c8229ce70cf5eaf6c2f4cbd1443b105fb66c00dc5
  md5: cebad79038a75cfd28fa90d147a2d34d
  depends:
  - libblas 3.9.0 26_osxarm64_openblas
  constrains:
  - liblapacke 3.9.0 26_osxarm64_openblas
  - libcblas 3.9.0 26_osxarm64_openblas
  - blas * openblas
  arch: arm64
  platform: osx
  license: BSD-3-Clause
  license_family: BSD
  size: 16624
  timestamp: 1734433068120
- conda: https://conda.anaconda.org/conda-forge/win-64/liblapack-3.9.0-26_win64_mkl.conda
  build_number: 26
  sha256: 6701bd162d105531b75d05acf82b4ad9fbc5a24ffbccf8c66efa9e72c386b33c
  md5: 0a717f5fda7279b77bcce671b324408a
  depends:
  - libblas 3.9.0 26_win64_mkl
  constrains:
  - liblapacke 3.9.0 26_win64_mkl
  - blas * mkl
  - libcblas 3.9.0 26_win64_mkl
  license: BSD-3-Clause
  license_family: BSD
  size: 3732160
  timestamp: 1734432822278
- conda: https://conda.anaconda.org/conda-forge/osx-arm64/libllvm17-17.0.6-h5090b49_2.conda
  sha256: 5829e490e395d85442fb6c7edb0ec18d1a5bb1bc529919a89337d34235205064
  md5: 443b26505722696a9535732bc2a07576
  depends:
  - __osx >=11.0
  - libcxx >=16
  - libxml2 >=2.12.7,<3.0a0
  - libzlib >=1.3.1,<2.0a0
  - zstd >=1.5.6,<1.6.0a0
  arch: arm64
  platform: osx
  license: Apache-2.0 WITH LLVM-exception
  license_family: Apache
  size: 24612870
  timestamp: 1718320971519
- conda: https://conda.anaconda.org/conda-forge/osx-arm64/liblzma-5.6.3-h39f12f2_1.conda
  sha256: d863b8257406918ffdc50ae65502f2b2d6cede29404d09a094f59509d6a0aaf1
  md5: b2553114a7f5e20ccd02378a77d836aa
  depends:
  - __osx >=11.0
  arch: arm64
  platform: osx
  license: 0BSD
  size: 99129
  timestamp: 1733407496073
- conda: https://conda.anaconda.org/conda-forge/win-64/liblzma-5.6.3-h2466b09_1.conda
  sha256: 24d04bd55adfa44c421c99ce169df38cb1ad2bba5f43151bc847fc802496a1fa
  md5: 015b9c0bd1eef60729ab577a38aaf0b5
  depends:
  - ucrt >=10.0.20348.0
  - vc >=14.2,<15
  - vc14_runtime >=14.29.30139
  license: 0BSD
  size: 104332
  timestamp: 1733407872569
- conda: https://conda.anaconda.org/conda-forge/osx-arm64/libopenblas-0.3.28-openmp_hf332438_1.conda
  sha256: 62bb669c37a845129096f73d446cdb6bb170e4927f2fea2b661329680dbbc373
  md5: 40803a48d947c8639da6704e9a44d3ce
  depends:
  - __osx >=11.0
  - libgfortran 5.*
  - libgfortran5 >=13.2.0
  - llvm-openmp >=18.1.8
  constrains:
  - openblas >=0.3.28,<0.3.29.0a0
  arch: arm64
  platform: osx
  license: BSD-3-Clause
  license_family: BSD
  size: 4165774
  timestamp: 1730772154295
- conda: https://conda.anaconda.org/conda-forge/osx-arm64/libpython-static-3.12.8-h286801f_1_cpython.conda
  build_number: 1
  sha256: e84db59f6cfe982dc124adfdec1a2b946e9135ab77252404b80e0ba966ea8516
  md5: 4f84a694c1a1e12511b6afda1d621d08
  depends:
  - __osx >=11.0
  - libcxx >=18
  - python >=3.12,<3.13.0a0 hc22306f_1_cpython
  arch: arm64
  platform: osx
  license: Python-2.0
  size: 8979258
  timestamp: 1733409052220
- conda: https://conda.anaconda.org/conda-forge/osx-arm64/libsqlite-3.47.2-h3f77e49_0.conda
  sha256: f192f3c8973de9ec4c214990715f13b781965247a5cedf9162e7f9e699cfc3c4
  md5: 122d6f29470f1a991e85608e77e56a8a
  depends:
  - __osx >=11.0
  - libzlib >=1.3.1,<2.0a0
  arch: arm64
  platform: osx
  license: Unlicense
  size: 850553
  timestamp: 1733762057506
- conda: https://conda.anaconda.org/conda-forge/win-64/libsqlite-3.47.2-h67fdade_0.conda
  sha256: ecfc0182c3b2e63c870581be1fa0e4dbdfec70d2011cb4f5bde416ece26c41df
  md5: ff00095330e0d35a16bd3bdbd1a2d3e7
  depends:
  - ucrt >=10.0.20348.0
  - vc >=14.2,<15
  - vc14_runtime >=14.29.30139
  license: Unlicense
  size: 891292
  timestamp: 1733762116902
- conda: https://conda.anaconda.org/conda-forge/win-64/libwinpthread-12.0.0.r4.gg4f2fc60ca-h57928b3_8.conda
  sha256: 6d5e158813ab8d553fbb0fedd0abe7bf92970b0be3a9ddf12da0f6cbad78f506
  md5: 03cccbba200ee0523bde1f3dad60b1f3
  depends:
  - ucrt
  constrains:
  - pthreads-win32 <0.0a0
  - msys2-conda-epoch <0.0a0
  license: MIT AND BSD-3-Clause-Clear
  size: 35433
  timestamp: 1724681489463
- conda: https://conda.anaconda.org/conda-forge/osx-arm64/libxml2-2.13.5-h178c5d8_1.conda
  sha256: d7af3f25a4cece170502acd38f2dafbea4521f373f46dcb28a37fbe6ac2da544
  md5: 3dc3cff0eca1640a6acbbfab2f78139e
  depends:
  - __osx >=11.0
  - icu >=75.1,<76.0a0
  - libiconv >=1.17,<2.0a0
  - liblzma >=5.6.3,<6.0a0
  - libzlib >=1.3.1,<2.0a0
  arch: arm64
  platform: osx
  license: MIT
  license_family: MIT
  size: 582898
  timestamp: 1733443841584
- conda: https://conda.anaconda.org/conda-forge/win-64/libxml2-2.13.5-he286e8c_1.conda
  sha256: 084dd4dde342f13c43ee418d153ac5b2610f95be029073a15fa9dda22b130d06
  md5: 77eaa84f90fc90643c5a0be0aa9bdd1b
  depends:
  - libiconv >=1.17,<2.0a0
  - libzlib >=1.3.1,<2.0a0
  - ucrt >=10.0.20348.0
  - vc >=14.2,<15
  - vc14_runtime >=14.29.30139
  license: MIT
  license_family: MIT
  size: 1612294
  timestamp: 1733443909984
- conda: https://conda.anaconda.org/conda-forge/osx-arm64/libzlib-1.3.1-h8359307_2.conda
  sha256: ce34669eadaba351cd54910743e6a2261b67009624dbc7daeeafdef93616711b
  md5: 369964e85dc26bfe78f41399b366c435
  depends:
  - __osx >=11.0
  constrains:
  - zlib 1.3.1 *_2
  arch: arm64
  platform: osx
  license: Zlib
  license_family: Other
  size: 46438
  timestamp: 1727963202283
- conda: https://conda.anaconda.org/conda-forge/win-64/libzlib-1.3.1-h2466b09_2.conda
  sha256: ba945c6493449bed0e6e29883c4943817f7c79cbff52b83360f7b341277c6402
  md5: 41fbfac52c601159df6c01f875de31b9
  depends:
  - ucrt >=10.0.20348.0
  - vc >=14.2,<15
  - vc14_runtime >=14.29.30139
  constrains:
  - zlib 1.3.1 *_2
  license: Zlib
  license_family: Other
  size: 55476
  timestamp: 1727963768015
- conda: https://conda.anaconda.org/conda-forge/osx-arm64/llvm-openmp-19.1.6-hdb05f8b_0.conda
  sha256: a0f3e9139ab16f0a67b9d2bbabc15b78977168f4a5b5503fed4962dcb9a96102
  md5: 34fdeffa0555a1a56f38839415cc066c
  depends:
  - __osx >=11.0
  constrains:
  - openmp 19.1.6|19.1.6.*
  arch: arm64
  platform: osx
  license: Apache-2.0 WITH LLVM-exception
  license_family: APACHE
  size: 281251
  timestamp: 1734520462311
- conda: https://conda.anaconda.org/conda-forge/osx-arm64/llvm-tools-17.0.6-h5090b49_2.conda
  sha256: a8011fffc1ab3b49f2027fbdba0887e90a2d288240484a4ba4c1b80617522541
  md5: df635fb4c27fc012c0caf53adf61f043
  depends:
  - __osx >=11.0
  - libllvm17 17.0.6 h5090b49_2
  - libxml2 >=2.12.7,<3.0a0
  - libzlib >=1.3.1,<2.0a0
  - zstd >=1.5.6,<1.6.0a0
  constrains:
  - clang-tools 17.0.6
  - llvm        17.0.6
  - llvmdev     17.0.6
  - clang       17.0.6
  arch: arm64
  platform: osx
  license: Apache-2.0 WITH LLVM-exception
  license_family: Apache
  size: 21864486
  timestamp: 1718321368877
- conda: https://conda.anaconda.org/conda-forge/win-64/mkl-2024.2.2-h66d3029_15.conda
  sha256: 20e52b0389586d0b914a49cd286c5ccc9c47949bed60ca6df004d1d295f2edbd
  md5: 302dff2807f2927b3e9e0d19d60121de
  depends:
  - intel-openmp 2024.*
  - tbb 2021.*
  license: LicenseRef-IntelSimplifiedSoftwareOct2022
  license_family: Proprietary
  size: 103106385
  timestamp: 1730232843711
- conda: https://conda.anaconda.org/conda-forge/osx-arm64/ncurses-6.5-h7bae524_1.conda
  sha256: 27d0b9ff78ad46e1f3a6c96c479ab44beda5f96def88e2fe626e0a49429d8afc
  md5: cb2b0ea909b97b3d70cd3921d1445e1a
  depends:
  - __osx >=11.0
  arch: arm64
  platform: osx
  license: X11 AND BSD-3-Clause
  size: 802321
  timestamp: 1724658775723
- conda: https://conda.anaconda.org/conda-forge/osx-arm64/nuitka-2.5.9-py312h8613628_0.conda
  sha256: 0fc485bcd29dc7a40b3d51e42293005e8e1f86d4efde7a8ad52176037b232f91
  md5: 06ea5cba5134b4860f8b091eccb1e310
  depends:
  - c-compiler
  - libpython-static
  - ordered-set
  - python >=3.12,<3.13.0a0
  - python >=3.12,<3.13.0a0 *_cpython
  - python_abi 3.12.* *_cp312
  arch: arm64
  platform: osx
  license: Apache-2.0
  license_family: Apache
  size: 4237237
  timestamp: 1735546980467
- conda: https://conda.anaconda.org/conda-forge/win-64/nuitka-2.5.9-py312he70551f_0.conda
  sha256: 73f6e47a98b3eaeec010404a1b4aa6d08bea43a9782686dc6bfb611450686ff8
  md5: 33c5bc96cdd828f2caf7b21f737536cd
  depends:
  - c-compiler
  - ordered-set
  - python >=3.12,<3.13.0a0
  - python_abi 3.12.* *_cp312
  license: Apache-2.0
  license_family: Apache
  size: 4315928
  timestamp: 1735547200368
- conda: https://conda.anaconda.org/conda-forge/osx-arm64/numpy-2.2.1-py312h41c6370_0.conda
  sha256: 0a08d24a9879009bbb3eeea8aa0116d027968732c2092f0290102cd757307de8
  md5: c8319d0e393fee76123fd617dddb8977
  depends:
  - __osx >=11.0
  - libblas >=3.9.0,<4.0a0
  - libcblas >=3.9.0,<4.0a0
  - libcxx >=18
  - liblapack >=3.9.0,<4.0a0
  - python >=3.12,<3.13.0a0
  - python >=3.12,<3.13.0a0 *_cpython
  - python_abi 3.12.* *_cp312
  constrains:
  - numpy-base <0a0
  arch: arm64
  platform: osx
  license: BSD-3-Clause
  size: 6495249
  timestamp: 1734904743892
- conda: https://conda.anaconda.org/conda-forge/win-64/numpy-2.2.1-py312hf10105a_0.conda
  sha256: 8521244e8c0fbb8de3f51e3d05a4b362fe9916e4026dfefa43de8078dd4f96de
  md5: 08604cef1d4876e334e2868ae13db86d
  depends:
  - libblas >=3.9.0,<4.0a0
  - libcblas >=3.9.0,<4.0a0
  - liblapack >=3.9.0,<4.0a0
  - python >=3.12,<3.13.0a0
  - python_abi 3.12.* *_cp312
  - ucrt >=10.0.20348.0
  - vc >=14.2,<15
  - vc14_runtime >=14.29.30139
  constrains:
  - numpy-base <0a0
  license: BSD-3-Clause
  size: 7150899
  timestamp: 1734905149762
- conda: https://conda.anaconda.org/conda-forge/osx-arm64/openssl-3.4.0-h39f12f2_0.conda
  sha256: bd1d58ced46e75efa3b842c61642fd12272c69e9fe4d7261078bc082153a1d53
  md5: df307bbc703324722df0293c9ca2e418
  depends:
  - __osx >=11.0
  - ca-certificates
  arch: arm64
  platform: osx
  license: Apache-2.0
  license_family: Apache
  size: 2935176
  timestamp: 1731377561525
- conda: https://conda.anaconda.org/conda-forge/win-64/openssl-3.4.0-h2466b09_0.conda
  sha256: e03045a0837e01ff5c75e9273a572553e7522290799807f918c917a9826a6484
  md5: d0d805d9b5524a14efb51b3bff965e83
  depends:
  - ca-certificates
  - ucrt >=10.0.20348.0
  - vc >=14.2,<15
  - vc14_runtime >=14.29.30139
  license: Apache-2.0
  license_family: Apache
  size: 8491156
  timestamp: 1731379715927
- conda: https://conda.anaconda.org/conda-forge/noarch/ordered-set-4.1.0-pyhd8ed1ab_1.conda
  sha256: 5c0afaab3e9746753b34b676b5c639ae323075427068366f7cae5bd7931df67b
  md5: a130daf1699f927040956d3378baf0f2
  depends:
  - python >=3.9
  license: MIT
  license_family: MIT
  size: 13912
  timestamp: 1733928005043
- conda: https://conda.anaconda.org/conda-forge/osx-arm64/pandas-2.2.3-py312hcd31e36_1.conda
  sha256: ff0cb54b5d058c7987b4a0984066e893642d1865a7bb695294b6172e2fcdc457
  md5: c68bfa69e6086c381c74e16fd72613a8
  depends:
  - __osx >=11.0
  - libcxx >=17
  - numpy >=1.19,<3
  - numpy >=1.22.4
  - python >=3.12,<3.13.0a0
  - python >=3.12,<3.13.0a0 *_cpython
  - python-dateutil >=2.8.1
  - python-tzdata >=2022a
  - python_abi 3.12.* *_cp312
  - pytz >=2020.1,<2024.2
  arch: arm64
  platform: osx
  license: BSD-3-Clause
  license_family: BSD
  size: 14470437
  timestamp: 1726878887799
- conda: https://conda.anaconda.org/conda-forge/win-64/pandas-2.2.3-py312h72972c8_1.conda
  sha256: dfd30e665b1ced1b783ca303799e250d8acc40943bcefb3a9b2bb13c3b17911c
  md5: bf6f01c03e0688523d4b5cff8fe8c977
  depends:
  - numpy >=1.19,<3
  - numpy >=1.22.4
  - python >=3.12,<3.13.0a0
  - python-dateutil >=2.8.1
  - python-tzdata >=2022a
  - python_abi 3.12.* *_cp312
  - pytz >=2020.1,<2024.2
  - ucrt >=10.0.20348.0
  - vc >=14.2,<15
  - vc14_runtime >=14.29.30139
  arch: x86_64
  platform: win
  license: BSD-3-Clause
  license_family: BSD
  size: 14218658
  timestamp: 1726879426348
- conda: https://conda.anaconda.org/conda-forge/osx-arm64/python-3.12.8-hc22306f_1_cpython.conda
  build_number: 1
  sha256: 7586a711b1b08a9df8864e26efdc06980bdfb0e18d5ac4651d0fee30a8d3e3a0
  md5: 54ca5b5d92ef3a3ba61e195ee882a518
  depends:
  - __osx >=11.0
  - bzip2 >=1.0.8,<2.0a0
  - libexpat >=2.6.4,<3.0a0
  - libffi >=3.4,<4.0a0
  - liblzma >=5.6.3,<6.0a0
  - libsqlite >=3.47.0,<4.0a0
  - libzlib >=1.3.1,<2.0a0
  - ncurses >=6.5,<7.0a0
  - openssl >=3.4.0,<4.0a0
  - readline >=8.2,<9.0a0
  - tk >=8.6.13,<8.7.0a0
  - tzdata
  constrains:
  - python_abi 3.12.* *_cp312
  arch: arm64
  platform: osx
  license: Python-2.0
  size: 12998673
  timestamp: 1733408900971
- conda: https://conda.anaconda.org/conda-forge/win-64/python-3.12.8-h3f84c4b_1_cpython.conda
  build_number: 1
  sha256: e1b37a398b3e2ea363de7cff6706e5ec2a5eb36b211132150e8601d7afd8f3aa
  md5: 8cd0693344796fb32087185fca16f4cc
  depends:
  - bzip2 >=1.0.8,<2.0a0
  - libexpat >=2.6.4,<3.0a0
  - libffi >=3.4,<4.0a0
  - liblzma >=5.6.3,<6.0a0
  - libsqlite >=3.47.0,<4.0a0
  - libzlib >=1.3.1,<2.0a0
  - openssl >=3.4.0,<4.0a0
  - tk >=8.6.13,<8.7.0a0
  - tzdata
  - ucrt >=10.0.20348.0
  - vc >=14.2,<15
  - vc14_runtime >=14.29.30139
  constrains:
  - python_abi 3.12.* *_cp312
  license: Python-2.0
  size: 15812363
  timestamp: 1733408080064
- conda: https://conda.anaconda.org/conda-forge/noarch/python-dateutil-2.9.0.post0-pyhff2d567_1.conda
  sha256: a50052536f1ef8516ed11a844f9413661829aa083304dc624c5925298d078d79
  md5: 5ba79d7c71f03c678c8ead841f347d6e
  depends:
  - python >=3.9
  - six >=1.5
  license: Apache-2.0
  license_family: APACHE
  size: 222505
  timestamp: 1733215763718
- conda: https://conda.anaconda.org/conda-forge/noarch/python-tzdata-2024.2-pyhd8ed1ab_1.conda
  sha256: 57c9a02ec25926fb48edca59b9ede107823e5d5c473b94a0e05cc0b9a193a642
  md5: c0def296b2f6d2dd7b030c2a7f66bb1f
  depends:
  - python >=3.9
  license: Apache-2.0
  license_family: APACHE
  size: 142235
  timestamp: 1733235414217
- conda: https://conda.anaconda.org/conda-forge/osx-arm64/python_abi-3.12-5_cp312.conda
  build_number: 5
  sha256: 49d624e4b809c799d2bf257b22c23cf3fc4460f5570d9a58e7ad86350aeaa1f4
  md5: b76f9b1c862128e56ac7aa8cd2333de9
  constrains:
  - python 3.12.* *_cpython
  arch: arm64
  platform: osx
  license: BSD-3-Clause
  license_family: BSD
  size: 6278
  timestamp: 1723823099686
- conda: https://conda.anaconda.org/conda-forge/win-64/python_abi-3.12-5_cp312.conda
  build_number: 5
  sha256: 9486662af81a219e96d343449eff242f38d7c5128ced5ce5acf85857265058d6
  md5: e8681f534453af7afab4cd2bc1423eec
  constrains:
  - python 3.12.* *_cpython
  license: BSD-3-Clause
  license_family: BSD
  size: 6730
  timestamp: 1723823139725
- conda: https://conda.anaconda.org/conda-forge/noarch/pytz-2024.1-pyhd8ed1ab_0.conda
  sha256: 1a7d6b233f7e6e3bbcbad054c8fd51e690a67b129a899a056a5e45dd9f00cb41
  md5: 3eeeeb9e4827ace8c0c1419c85d590ad
  depends:
  - python >=3.7
  license: MIT
  license_family: MIT
  size: 188538
  timestamp: 1706886944988
- conda: https://conda.anaconda.org/conda-forge/osx-arm64/readline-8.2-h92ec313_1.conda
  sha256: a1dfa679ac3f6007362386576a704ad2d0d7a02e98f5d0b115f207a2da63e884
  md5: 8cbb776a2f641b943d413b3e19df71f4
  depends:
  - ncurses >=6.3,<7.0a0
  arch: arm64
  platform: osx
  license: GPL-3.0-only
  license_family: GPL
  size: 250351
  timestamp: 1679532511311
- conda: https://conda.anaconda.org/conda-forge/osx-arm64/sigtool-0.1.3-h44b9a77_0.tar.bz2
  sha256: 70791ae00a3756830cb50451db55f63e2a42a2fa2a8f1bab1ebd36bbb7d55bff
  md5: 4a2cac04f86a4540b8c9b8d8f597848f
  depends:
  - openssl >=3.0.0,<4.0a0
  arch: arm64
  platform: osx
  license: MIT
  license_family: MIT
  size: 210264
  timestamp: 1643442231687
- conda: https://conda.anaconda.org/conda-forge/noarch/six-1.17.0-pyhd8ed1ab_0.conda
  sha256: 41db0180680cc67c3fa76544ffd48d6a5679d96f4b71d7498a759e94edc9a2db
  md5: a451d576819089b0d672f18768be0f65
  depends:
  - python >=3.9
  license: MIT
  license_family: MIT
  size: 16385
  timestamp: 1733381032766
- conda: https://conda.anaconda.org/conda-forge/osx-arm64/tapi-1300.6.5-h03f4b80_0.conda
  sha256: 37cd4f62ec023df8a6c6f9f6ffddde3d6620a83cbcab170a8fff31ef944402e5
  md5: b703bc3e6cba5943acf0e5f987b5d0e2
  depends:
  - __osx >=11.0
  - libcxx >=17.0.0.a0
  - ncurses >=6.5,<7.0a0
  arch: arm64
  platform: osx
  license: NCSA
  license_family: MIT
  size: 207679
  timestamp: 1725491499758
- conda: https://conda.anaconda.org/conda-forge/win-64/tbb-2021.13.0-h62715c5_1.conda
  sha256: 03cc5442046485b03dd1120d0f49d35a7e522930a2ab82f275e938e17b07b302
  md5: 9190dd0a23d925f7602f9628b3aed511
  depends:
  - libhwloc >=2.11.2,<2.11.3.0a0
  - ucrt >=10.0.20348.0
  - vc >=14.2,<15
  - vc14_runtime >=14.29.30139
  license: Apache-2.0
  license_family: APACHE
  size: 151460
  timestamp: 1732982860332
- conda: https://conda.anaconda.org/conda-forge/osx-arm64/tk-8.6.13-h5083fa2_1.conda
  sha256: 72457ad031b4c048e5891f3f6cb27a53cb479db68a52d965f796910e71a403a8
  md5: b50a57ba89c32b62428b71a875291c9b
  depends:
  - libzlib >=1.2.13,<2.0.0a0
  arch: arm64
  platform: osx
  license: TCL
  license_family: BSD
  size: 3145523
  timestamp: 1699202432999
- conda: https://conda.anaconda.org/conda-forge/win-64/tk-8.6.13-h5226925_1.conda
  sha256: 2c4e914f521ccb2718946645108c9bd3fc3216ba69aea20c2c3cedbd8db32bb1
  md5: fc048363eb8f03cd1737600a5d08aafe
  depends:
  - ucrt >=10.0.20348.0
  - vc >=14.2,<15
  - vc14_runtime >=14.29.30139
  license: TCL
  license_family: BSD
  size: 3503410
  timestamp: 1699202577803
- conda: https://conda.anaconda.org/conda-forge/noarch/tzdata-2024b-hc8b5060_0.conda
  sha256: 4fde5c3008bf5d2db82f2b50204464314cc3c91c1d953652f7bd01d9e52aefdf
  md5: 8ac3367aafb1cc0a068483c580af8015
  license: LicenseRef-Public-Domain
  size: 122354
  timestamp: 1728047496079
- conda: https://conda.anaconda.org/conda-forge/win-64/ucrt-10.0.22621.0-h57928b3_1.conda
  sha256: db8dead3dd30fb1a032737554ce91e2819b43496a0db09927edf01c32b577450
  md5: 6797b005cd0f439c4c5c9ac565783700
  constrains:
  - vs2015_runtime >=14.29.30037
  license: LicenseRef-MicrosoftWindowsSDK10
  size: 559710
  timestamp: 1728377334097
- conda: https://conda.anaconda.org/conda-forge/win-64/vc-14.3-ha32ba9b_23.conda
  sha256: 986ddaf8feec2904eac9535a7ddb7acda1a1dfb9482088fdb8129f1595181663
  md5: 7c10ec3158d1eb4ddff7007c9101adb0
  depends:
  - vc14_runtime >=14.38.33135
  track_features:
  - vc14
  license: BSD-3-Clause
  license_family: BSD
  size: 17479
  timestamp: 1731710827215
- conda: https://conda.anaconda.org/conda-forge/win-64/vc14_runtime-14.42.34433-he29a5d6_23.conda
  sha256: c483b090c4251a260aba6ff3e83a307bcfb5fb24ad7ced872ab5d02971bd3a49
  md5: 32b37d0cfa80da34548501cdc913a832
  depends:
  - ucrt >=10.0.20348.0
  constrains:
  - vs2015_runtime 14.42.34433.* *_23
  license: LicenseRef-MicrosoftVisualCpp2015-2022Runtime
  license_family: Proprietary
  size: 754247
  timestamp: 1731710681163
- conda: https://conda.anaconda.org/conda-forge/win-64/vs2015_runtime-14.42.34433-hdffcdeb_23.conda
  sha256: 568ce8151eaae256f1cef752fc78651ad7a86ff05153cc7a4740b52ae6536118
  md5: 5c176975ca2b8366abad3c97b3cd1e83
  depends:
  - vc14_runtime >=14.42.34433
  license: BSD-3-Clause
  license_family: BSD
  size: 17572
  timestamp: 1731710685291
- conda: https://conda.anaconda.org/conda-forge/win-64/vs2019_win-64-19.29.30139-he1865b1_23.conda
  sha256: c41039f7f19a6570ad2af6ef7a8534111fe1e6157b187505fb81265d755bb825
  md5: 245e19dde23580d186b11a29bfd3b99e
  depends:
  - vswhere
  constrains:
  - vs_win-64 2019.11
  track_features:
  - vc14
  license: BSD-3-Clause
  license_family: BSD
  size: 20163
  timestamp: 1731710669471
- conda: https://conda.anaconda.org/conda-forge/win-64/vswhere-3.1.7-h57928b3_0.conda
  sha256: 8caeda9c0898cb8ee2cf4f45640dbbbdf772ddc01345cfb0f7b352c58b4d8025
  md5: ba83df93b48acfc528f5464c9a882baa
  license: MIT
  license_family: MIT
  size: 219013
  timestamp: 1719460515960
- conda: https://conda.anaconda.org/conda-forge/osx-arm64/zstd-1.5.6-hb46c0d2_0.conda
  sha256: 2d4fd1ff7ee79cd954ca8e81abf11d9d49954dd1fef80f27289e2402ae9c2e09
  md5: d96942c06c3e84bfcc5efb038724a7fd
  depends:
  - __osx >=11.0
  - libzlib >=1.2.13,<2.0.0a0
  arch: arm64
  platform: osx
  license: BSD-3-Clause
  license_family: BSD
  size: 405089
  timestamp: 1714723101397
